{
  "name": "poseai",
  "lockfileVersion": 3,
  "requires": true,
  "packages": {
    "": {
      "dependencies": {
        "@mediapipe/tasks-vision": "^0.10.12",
        "knear": "^0.0.5"
      }
    },
    "node_modules/@mediapipe/tasks-vision": {
      "version": "0.10.12",
      "resolved": "https://registry.npmjs.org/@mediapipe/tasks-vision/-/tasks-vision-0.10.12.tgz",
      "integrity": "sha512-688Vukid7hvGmx+7hzS/EQ3Q4diz4eeX4/FYDw8f/t56UjFueD8LTvA2rX5BCIwvT0oy8QHKh5uKIyct1AOFtQ=="
    },
    "node_modules/knear": {
      "version": "0.0.5",
      "resolved": "https://registry.npmjs.org/knear/-/knear-0.0.5.tgz",
      "integrity": "sha512-qusd6MH6kZr+mdbLy+Y/yqkcI2NE7BRfs5dye2W0qm7ks2JqEcvFD1laLRiRHxwXsc4T1oZ05Zf6X7jUM9x3og=="
    }
  }
}
